
Microsoft Visual Studio Solution File, Format Version 12.00
# Visual Studio 15
Project("{FAE04EC0-301F-11D3-BF4B-00C04F79EFBC}") = "dotnet", "dotnet\dotnet.csproj", "{39DF1B7D-C38D-4640-BCCF-E599968763EE}"
EndProject
Global
	GlobalSection(SolutionConfigurationPlatforms) = preSolution
		Debug|Any CPU = Debug|Any CPU
		Release|Any CPU = Release|Any CPU
	EndGlobalSection
	GlobalSection(ProjectConfigurationPlatforms) = postSolution
		{39DF1B7D-C38D-4640-BCCF-E599968763EE}.Debug|Any CPU.ActiveCfg = Debug|Any CPU
		{39DF1B7D-C38D-4640-BCCF-E599968763EE}.Debug|Any CPU.Build.0 = Debug|Any CPU
		{39DF1B7D-C38D-4640-BCCF-E599968763EE}.Release|Any CPU.ActiveCfg = Release|Any CPU
		{39DF1B7D-C38D-4640-BCCF-E599968763EE}.Release|Any CPU.Build.0 = Release|Any CPU
	EndGlobalSection
EndGlobal
